
Microsoft Visual Studio Solution File, Format Version 12.00
# Visual Studio Version 17
VisualStudioVersion = 17.3.32825.248
MinimumVisualStudioVersion = 10.0.40219.1
Project("{8BC9CEB8-8B4A-11D0-8D11-00A0C91BC942}") = "lab6", "lab6\lab6.vcxproj", "{EC05FDF7-1073-4FE9-BFD4-69E46EF65FE8}"
EndProject
Project("{8BC9CEB8-8B4A-11D0-8D11-00A0C91BC942}") = "add", "add\add.vcxproj", "{E582AB8A-340C-4CEE-95DD-702A1661C979}"
EndProject
Global
	GlobalSection(SolutionConfigurationPlatforms) = preSolution
		Debug|x64 = Debug|x64
		Debug|x86 = Debug|x86
		Release|x64 = Release|x64
		Release|x86 = Release|x86
	EndGlobalSection
	GlobalSection(ProjectConfigurationPlatforms) = postSolution
		{EC05FDF7-1073-4FE9-BFD4-69E46EF65FE8}.Debug|x64.ActiveCfg = Debug|x64
		{EC05FDF7-1073-4FE9-BFD4-69E46EF65FE8}.Debug|x64.Build.0 = Debug|x64
		{EC05FDF7-1073-4FE9-BFD4-69E46EF65FE8}.Debug|x86.ActiveCfg = Debug|Win32
		{EC05FDF7-1073-4FE9-BFD4-69E46EF65FE8}.Debug|x86.Build.0 = Debug|Win32
		{EC05FDF7-1073-4FE9-BFD4-69E46EF65FE8}.Release|x64.ActiveCfg = Release|x64
		{EC05FDF7-1073-4FE9-BFD4-69E46EF65FE8}.Release|x64.Build.0 = Release|x64
		{EC05FDF7-1073-4FE9-BFD4-69E46EF65FE8}.Release|x86.ActiveCfg = Release|Win32
		{EC05FDF7-1073-4FE9-BFD4-69E46EF65FE8}.Release|x86.Build.0 = Release|Win32
		{E582AB8A-340C-4CEE-95DD-702A1661C979}.Debug|x64.ActiveCfg = Debug|x64
		{E582AB8A-340C-4CEE-95DD-702A1661C979}.Debug|x64.Build.0 = Debug|x64
		{E582AB8A-340C-4CEE-95DD-702A1661C979}.Debug|x86.ActiveCfg = Debug|Win32
		{E582AB8A-340C-4CEE-95DD-702A1661C979}.Debug|x86.Build.0 = Debug|Win32
		{E582AB8A-340C-4CEE-95DD-702A1661C979}.Release|x64.ActiveCfg = Release|x64
		{E582AB8A-340C-4CEE-95DD-702A1661C979}.Release|x64.Build.0 = Release|x64
		{E582AB8A-340C-4CEE-95DD-702A1661C979}.Release|x86.ActiveCfg = Release|Win32
		{E582AB8A-340C-4CEE-95DD-702A1661C979}.Release|x86.Build.0 = Release|Win32
	EndGlobalSection
	GlobalSection(SolutionProperties) = preSolution
		HideSolutionNode = FALSE
	EndGlobalSection
	GlobalSection(ExtensibilityGlobals) = postSolution
		SolutionGuid = {D001913F-7E8C-4366-A40B-CF0B36206C1B}
	EndGlobalSection
EndGlobal
